
Microsoft Visual Studio Solution File, Format Version 12.00
# Visual Studio Version 16
VisualStudioVersion = 16.0.31702.278
MinimumVisualStudioVersion = 10.0.40219.1
Project("{FAE04EC0-301F-11D3-BF4B-00C04F79EFBC}") = "LOGIN", "LOGIN\LOGIN.csproj", "{5CBA708F-74D1-4763-A322-AA2C11C791CD}"
EndProject
Global
	GlobalSection(SolutionConfigurationPlatforms) = preSolution
		Debug|Any CPU = Debug|Any CPU
		Release|Any CPU = Release|Any CPU
	EndGlobalSection
	GlobalSection(ProjectConfigurationPlatforms) = postSolution
		{5CBA708F-74D1-4763-A322-AA2C11C791CD}.Debug|Any CPU.ActiveCfg = Debug|Any CPU
		{5CBA708F-74D1-4763-A322-AA2C11C791CD}.Debug|Any CPU.Build.0 = Debug|Any CPU
		{5CBA708F-74D1-4763-A322-AA2C11C791CD}.Release|Any CPU.ActiveCfg = Release|Any CPU
		{5CBA708F-74D1-4763-A322-AA2C11C791CD}.Release|Any CPU.Build.0 = Release|Any CPU
	EndGlobalSection
	GlobalSection(SolutionProperties) = preSolution
		HideSolutionNode = FALSE
	EndGlobalSection
	GlobalSection(ExtensibilityGlobals) = postSolution
		SolutionGuid = {DEC2ACF0-B299-4A9B-ACFF-FC7EADF9FA1F}
	EndGlobalSection
EndGlobal
